
Microsoft Visual Studio Solution File, Format Version 12.00
# Visual Studio Version 17
VisualStudioVersion = 17.9.34902.65
MinimumVisualStudioVersion = 10.0.40219.1
Project("{FAE04EC0-301F-11D3-BF4B-00C04F79EFBC}") = "MvcMovie", "MvcMovie\MvcMovie.csproj", "{02E040AD-BF59-4FC8-A33E-E7BDD35C6ECE}"
EndProject
Global
	GlobalSection(SolutionConfigurationPlatforms) = preSolution
		Debug|Any CPU = Debug|Any CPU
		Release|Any CPU = Release|Any CPU
	EndGlobalSection
	GlobalSection(ProjectConfigurationPlatforms) = postSolution
		{02E040AD-BF59-4FC8-A33E-E7BDD35C6ECE}.Debug|Any CPU.ActiveCfg = Debug|Any CPU
		{02E040AD-BF59-4FC8-A33E-E7BDD35C6ECE}.Debug|Any CPU.Build.0 = Debug|Any CPU
		{02E040AD-BF59-4FC8-A33E-E7BDD35C6ECE}.Release|Any CPU.ActiveCfg = Release|Any CPU
		{02E040AD-BF59-4FC8-A33E-E7BDD35C6ECE}.Release|Any CPU.Build.0 = Release|Any CPU
	EndGlobalSection
	GlobalSection(SolutionProperties) = preSolution
		HideSolutionNode = FALSE
	EndGlobalSection
	GlobalSection(ExtensibilityGlobals) = postSolution
		SolutionGuid = {349A2D2A-3096-4CF0-B786-D0E8A48FD903}
	EndGlobalSection
EndGlobal
